git.sr.ht/~rumpelsepp/ni v0.0.0-20190729113949-63514ff94540 h1:sHqYcrsvqbdNGSSL+cms6Y+fjU7BOhwvXlhVYjmwfHg=
git.sr.ht/~rumpelsepp/ni v0.0.0-20190729113949-63514ff94540/go.mod h1:kNcj7wXuMTLl4ko4yR3fK/Yar1IVDUBTr6rbt5yLf6k=
git.sr.ht/~rumpelsepp/rlog v0.0.0-20190826082545-74500716e59e h1:wLjT0+TOeKS9glFJA5xs0VLZbFDlWe+8UnoDh53USzc=
git.sr.ht/~rumpelsepp/rlog v0.0.0-20190826082545-74500716e59e/go.mod h1:dTKOP6rz9IOsggmuZbP6esFd1uDekwhxb7DXaEdSuSw=
github.com/fxamacker/cbor v0.1.0 h1:vJ5HPBRlRtakqHF2/GWlT5qsjO5ZpHaurf7iSdV57oI=
github.com/fxamacker/cbor v0.1.0/go.mod h1:QoJqAv+d8/zS8c51F67F1NpasNGDv68x6I0hC7UpjDI=
golang.org/x/crypto v0.0.0-20190308221718-c2843e01d9a2/go.mod h1:djNgcEr1/C05ACkg1iLfiJU5Ep61QUkGW8qpdssI0+w=
golang.org/x/crypto v0.0.0-20190820162420-60c769a6c586 h1:7KByu05hhLed2MO29w7p1XfZvZ13m8mub3shuVftRs0=
golang.org/x/crypto v0.0.0-20190820162420-60c769a6c586/go.mod h1:yigFU9vqHzYiE8UmvKecakEJjdnWj3jj499lnFckfCI=
golang.org/x/net v0.0.0-20190404232315-eb5bcb51f2a3 h1:0GoQqolDA55aaLxZyTzK/Y2ePZzZTUrRacwib7cNsYQ=
golang.org/x/net v0.0.0-20190404232315-eb5bcb51f2a3/go.mod h1:t9HGtf8HONx5eT2rtn7q6eTqICYqUVnKs3thJo3Qplg=
golang.org/x/sys v0.0.0-20190215142949-d0b11bdaac8a/go.mod h1:STP8DvDyc/dI5b8T5hshtkjS+E42TnysNCUPdjciGhY=
golang.org/x/sys v0.0.0-20190412213103-97732733099d/go.mod h1:h1NjWce9XRLGQEsW7wpKNCjG9DtNlClVuFLEZdDNbEs=
golang.org/x/sys v0.0.0-20190825160603-fb81701db80f h1:LCxigP8q3fPRGNVYndYsyHnF0zRrvcoVwZMfb8iQZe4=
golang.org/x/sys v0.0.0-20190825160603-fb81701db80f/go.mod h1:h1NjWce9XRLGQEsW7wpKNCjG9DtNlClVuFLEZdDNbEs=
golang.org/x/text v0.3.0/go.mod h1:NqM8EUOU14njkJ3fqMW+pc6Ldnwhi/IjpwHt7yyuwOQ=
golang.org/x/xerrors v0.0.0-20190717185122-a985d3407aa7 h1:9zdDQZ7Thm29KFXgAX/+yaf3eVbP7djjWp/dXAppNCc=
golang.org/x/xerrors v0.0.0-20190717185122-a985d3407aa7/go.mod h1:I/5z698sn9Ka8TeJc9MKroUUfqBBauWjQqLJ2OPfmY0=
